// !$*UTF8*$!
{
	archiveVersion = 1;
	classes = {
	};
	objectVersion = 50;
	objects = {

/* Begin PBXBuildFile section */
		3A29FE5621F389F60000F1FA /* SpecialtyGroup.swift in Sources */ = {isa = PBXBuildFile; fileRef = 3A29FE5521F389F60000F1FA /* SpecialtyGroup.swift */; };
		3A29FE5B21F3E2090000F1FA /* ProCellViewModel.swift in Sources */ = {isa = PBXBuildFile; fileRef = 3A29FE5A21F3E2090000F1FA /* ProCellViewModel.swift */; };
		3A29FE5D21F3E6A30000F1FA /* ProCellViewModelTests.swift in Sources */ = {isa = PBXBuildFile; fileRef = 3A29FE5C21F3E6A30000F1FA /* ProCellViewModelTests.swift */; };
		3A56507721D517D300B764D3 /* AppDelegate.swift in Sources */ = {isa = PBXBuildFile; fileRef = 3A56507621D517D300B764D3 /* AppDelegate.swift */; };
		3A56507C21D517D300B764D3 /* Main.storyboard in Resources */ = {isa = PBXBuildFile; fileRef = 3A56507A21D517D300B764D3 /* Main.storyboard */; };
		3A56507E21D517D400B764D3 /* Assets.xcassets in Resources */ = {isa = PBXBuildFile; fileRef = 3A56507D21D517D400B764D3 /* Assets.xcassets */; };
		3A56508121D517D400B764D3 /* LaunchScreen.storyboard in Resources */ = {isa = PBXBuildFile; fileRef = 3A56507F21D517D400B764D3 /* LaunchScreen.storyboard */; };
		3A56508C21D517D400B764D3 /* ProTests.swift in Sources */ = {isa = PBXBuildFile; fileRef = 3A56508B21D517D400B764D3 /* ProTests.swift */; };
		3A56509E21D51D9300B764D3 /* ProsTableViewController.swift in Sources */ = {isa = PBXBuildFile; fileRef = 3A56509D21D51D9300B764D3 /* ProsTableViewController.swift */; };
		3A5650A021D51DF500B764D3 /* pro_data.json in Resources */ = {isa = PBXBuildFile; fileRef = 3A56509F21D51DF400B764D3 /* pro_data.json */; };
		3A5650A221D51E3A00B764D3 /* Pro.swift in Sources */ = {isa = PBXBuildFile; fileRef = 3A5650A121D51E3A00B764D3 /* Pro.swift */; };
		3A5650A421D5324900B764D3 /* ProStore.swift in Sources */ = {isa = PBXBuildFile; fileRef = 3A5650A321D5324900B764D3 /* ProStore.swift */; };
		3A5650A821D56C4900B764D3 /* ProDetailsViewController.swift in Sources */ = {isa = PBXBuildFile; fileRef = 3A5650A721D56C4900B764D3 /* ProDetailsViewController.swift */; };
		3ACA674921D7BC9C00AE99E5 /* Drew_Sullivan_HA_iOS_ProjectUITests.swift in Sources */ = {isa = PBXBuildFile; fileRef = 3ACA674821D7BC9C00AE99E5 /* Drew_Sullivan_HA_iOS_ProjectUITests.swift */; };
		3ACA675321D7C77400AE99E5 /* ProStoreTests.swift in Sources */ = {isa = PBXBuildFile; fileRef = 3ACA675221D7C77400AE99E5 /* ProStoreTests.swift */; };
		3ACA675921D80BE100AE99E5 /* ProsTableViewControllerTests.swift in Sources */ = {isa = PBXBuildFile; fileRef = 3ACA675821D80BE100AE99E5 /* ProsTableViewControllerTests.swift */; };
		3AF57EAC21D66E75007A0771 /* ProTableViewCell.swift in Sources */ = {isa = PBXBuildFile; fileRef = 3AF57EAB21D66E75007A0771 /* ProTableViewCell.swift */; };
/* End PBXBuildFile section */

/* Begin PBXContainerItemProxy section */
		3A56508821D517D400B764D3 /* PBXContainerItemProxy */ = {
			isa = PBXContainerItemProxy;
			containerPortal = 3A56506B21D517D300B764D3 /* Project object */;
			proxyType = 1;
			remoteGlobalIDString = 3A56507221D517D300B764D3;
			remoteInfo = Drew_Sullivan_HA_iOS_Project;
		};
		3ACA674B21D7BC9C00AE99E5 /* PBXContainerItemProxy */ = {
			isa = PBXContainerItemProxy;
			containerPortal = 3A56506B21D517D300B764D3 /* Project object */;
			proxyType = 1;
			remoteGlobalIDString = 3A56507221D517D300B764D3;
			remoteInfo = Drew_Sullivan_HA_iOS_Project;
		};
/* End PBXContainerItemProxy section */

/* Begin PBXFileReference section */
		3A29FE5521F389F60000F1FA /* SpecialtyGroup.swift */ = {isa = PBXFileReference; lastKnownFileType = sourcecode.swift; path = SpecialtyGroup.swift; sourceTree = "<group>"; };
		3A29FE5A21F3E2090000F1FA /* ProCellViewModel.swift */ = {isa = PBXFileReference; lastKnownFileType = sourcecode.swift; path = ProCellViewModel.swift; sourceTree = "<group>"; };
		3A29FE5C21F3E6A30000F1FA /* ProCellViewModelTests.swift */ = {isa = PBXFileReference; lastKnownFileType = sourcecode.swift; path = ProCellViewModelTests.swift; sourceTree = "<group>"; };
		3A56507321D517D300B764D3 /* Drew_Sullivan_HA_iOS_Project.app */ = {isa = PBXFileReference; explicitFileType = wrapper.application; includeInIndex = 0; path = Drew_Sullivan_HA_iOS_Project.app; sourceTree = BUILT_PRODUCTS_DIR; };
		3A56507621D517D300B764D3 /* AppDelegate.swift */ = {isa = PBXFileReference; lastKnownFileType = sourcecode.swift; path = AppDelegate.swift; sourceTree = "<group>"; };
		3A56507B21D517D300B764D3 /* Base */ = {isa = PBXFileReference; lastKnownFileType = file.storyboard; name = Base; path = Base.lproj/Main.storyboard; sourceTree = "<group>"; };
		3A56507D21D517D400B764D3 /* Assets.xcassets */ = {isa = PBXFileReference; lastKnownFileType = folder.assetcatalog; path = Assets.xcassets; sourceTree = "<group>"; };
		3A56508021D517D400B764D3 /* Base */ = {isa = PBXFileReference; lastKnownFileType = file.storyboard; name = Base; path = Base.lproj/LaunchScreen.storyboard; sourceTree = "<group>"; };
		3A56508221D517D400B764D3 /* Info.plist */ = {isa = PBXFileReference; lastKnownFileType = text.plist.xml; path = Info.plist; sourceTree = "<group>"; };
		3A56508721D517D400B764D3 /* Drew_Sullivan_HA_iOS_ProjectTests.xctest */ = {isa = PBXFileReference; explicitFileType = wrapper.cfbundle; includeInIndex = 0; path = Drew_Sullivan_HA_iOS_ProjectTests.xctest; sourceTree = BUILT_PRODUCTS_DIR; };
		3A56508B21D517D400B764D3 /* ProTests.swift */ = {isa = PBXFileReference; lastKnownFileType = sourcecode.swift; path = ProTests.swift; sourceTree = "<group>"; };
		3A56508D21D517D400B764D3 /* Info.plist */ = {isa = PBXFileReference; lastKnownFileType = text.plist.xml; path = Info.plist; sourceTree = "<group>"; };
		3A56509D21D51D9300B764D3 /* ProsTableViewController.swift */ = {isa = PBXFileReference; lastKnownFileType = sourcecode.swift; path = ProsTableViewController.swift; sourceTree = "<group>"; };
		3A56509F21D51DF400B764D3 /* pro_data.json */ = {isa = PBXFileReference; fileEncoding = 4; lastKnownFileType = text.json; path = pro_data.json; sourceTree = "<group>"; };
		3A5650A121D51E3A00B764D3 /* Pro.swift */ = {isa = PBXFileReference; lastKnownFileType = sourcecode.swift; path = Pro.swift; sourceTree = "<group>"; };
		3A5650A321D5324900B764D3 /* ProStore.swift */ = {isa = PBXFileReference; lastKnownFileType = sourcecode.swift; path = ProStore.swift; sourceTree = "<group>"; };
		3A5650A721D56C4900B764D3 /* ProDetailsViewController.swift */ = {isa = PBXFileReference; lastKnownFileType = sourcecode.swift; path = ProDetailsViewController.swift; sourceTree = "<group>"; };
		3ACA674621D7BC9B00AE99E5 /* Drew_Sullivan_HA_iOS_ProjectUITests.xctest */ = {isa = PBXFileReference; explicitFileType = wrapper.cfbundle; includeInIndex = 0; path = Drew_Sullivan_HA_iOS_ProjectUITests.xctest; sourceTree = BUILT_PRODUCTS_DIR; };
		3ACA674821D7BC9C00AE99E5 /* Drew_Sullivan_HA_iOS_ProjectUITests.swift */ = {isa = PBXFileReference; lastKnownFileType = sourcecode.swift; path = Drew_Sullivan_HA_iOS_ProjectUITests.swift; sourceTree = "<group>"; };
		3ACA674A21D7BC9C00AE99E5 /* Info.plist */ = {isa = PBXFileReference; lastKnownFileType = text.plist.xml; path = Info.plist; sourceTree = "<group>"; };
		3ACA675221D7C77400AE99E5 /* ProStoreTests.swift */ = {isa = PBXFileReference; lastKnownFileType = sourcecode.swift; path = ProStoreTests.swift; sourceTree = "<group>"; };
		3ACA675821D80BE100AE99E5 /* ProsTableViewControllerTests.swift */ = {isa = PBXFileReference; fileEncoding = 4; lastKnownFileType = sourcecode.swift; path = ProsTableViewControllerTests.swift; sourceTree = "<group>"; };
		3AF57EAB21D66E75007A0771 /* ProTableViewCell.swift */ = {isa = PBXFileReference; lastKnownFileType = sourcecode.swift; path = ProTableViewCell.swift; sourceTree = "<group>"; };
/* End PBXFileReference section */

/* Begin PBXFrameworksBuildPhase section */
		3A56507021D517D300B764D3 /* Frameworks */ = {
			isa = PBXFrameworksBuildPhase;
			buildActionMask = 2147483647;
			files = (
			);
			runOnlyForDeploymentPostprocessing = 0;
		};
		3A56508421D517D400B764D3 /* Frameworks */ = {
			isa = PBXFrameworksBuildPhase;
			buildActionMask = 2147483647;
			files = (
			);
			runOnlyForDeploymentPostprocessing = 0;
		};
		3ACA674321D7BC9B00AE99E5 /* Frameworks */ = {
			isa = PBXFrameworksBuildPhase;
			buildActionMask = 2147483647;
			files = (
			);
			runOnlyForDeploymentPostprocessing = 0;
		};
/* End PBXFrameworksBuildPhase section */

/* Begin PBXGroup section */
		3A29FE5721F3E0100000F1FA /* Pros Table */ = {
			isa = PBXGroup;
			children = (
				3A78B64521D5BC93006749E7 /* Cells */,
				3A56509D21D51D9300B764D3 /* ProsTableViewController.swift */,
			);
			path = "Pros Table";
			sourceTree = "<group>";
		};
		3A56506A21D517D300B764D3 = {
			isa = PBXGroup;
			children = (
				3A56507521D517D300B764D3 /* Drew_Sullivan_HA_iOS_Project */,
				3A56508A21D517D400B764D3 /* Drew_Sullivan_HA_iOS_ProjectTests */,
				3ACA674721D7BC9C00AE99E5 /* Drew_Sullivan_HA_iOS_ProjectUITests */,
				3A56507421D517D300B764D3 /* Products */,
			);
			sourceTree = "<group>";
		};
		3A56507421D517D300B764D3 /* Products */ = {
			isa = PBXGroup;
			children = (
				3A56507321D517D300B764D3 /* Drew_Sullivan_HA_iOS_Project.app */,
				3A56508721D517D400B764D3 /* Drew_Sullivan_HA_iOS_ProjectTests.xctest */,
				3ACA674621D7BC9B00AE99E5 /* Drew_Sullivan_HA_iOS_ProjectUITests.xctest */,
			);
			name = Products;
			sourceTree = "<group>";
		};
		3A56507521D517D300B764D3 /* Drew_Sullivan_HA_iOS_Project */ = {
			isa = PBXGroup;
			children = (
				3A78B64721D5BD11006749E7 /* Storyboards */,
				3A78B64621D5BCDD006749E7 /* Data Management */,
				3A29FE5721F3E0100000F1FA /* Pros Table */,
				3A78B64421D5BC80006749E7 /* Pro Details */,
				3A78B64321D5BC6D006749E7 /* Models */,
				3A56507621D517D300B764D3 /* AppDelegate.swift */,
				3A56507D21D517D400B764D3 /* Assets.xcassets */,
				3A56508221D517D400B764D3 /* Info.plist */,
				3A56509F21D51DF400B764D3 /* pro_data.json */,
			);
			path = Drew_Sullivan_HA_iOS_Project;
			sourceTree = "<group>";
		};
		3A56508A21D517D400B764D3 /* Drew_Sullivan_HA_iOS_ProjectTests */ = {
			isa = PBXGroup;
			children = (
				3ACA675221D7C77400AE99E5 /* ProStoreTests.swift */,
				3A56508B21D517D400B764D3 /* ProTests.swift */,
				3ACA675821D80BE100AE99E5 /* ProsTableViewControllerTests.swift */,
				3A29FE5C21F3E6A30000F1FA /* ProCellViewModelTests.swift */,
				3A56508D21D517D400B764D3 /* Info.plist */,
			);
			path = Drew_Sullivan_HA_iOS_ProjectTests;
			sourceTree = "<group>";
		};
		3A78B64321D5BC6D006749E7 /* Models */ = {
			isa = PBXGroup;
			children = (
				3A5650A121D51E3A00B764D3 /* Pro.swift */,
				3A29FE5521F389F60000F1FA /* SpecialtyGroup.swift */,
			);
			path = Models;
			sourceTree = "<group>";
		};
		3A78B64421D5BC80006749E7 /* Pro Details */ = {
			isa = PBXGroup;
			children = (
				3A5650A721D56C4900B764D3 /* ProDetailsViewController.swift */,
			);
			path = "Pro Details";
			sourceTree = "<group>";
		};
		3A78B64521D5BC93006749E7 /* Cells */ = {
			isa = PBXGroup;
			children = (
				3AF57EAB21D66E75007A0771 /* ProTableViewCell.swift */,
				3A29FE5A21F3E2090000F1FA /* ProCellViewModel.swift */,
			);
			path = Cells;
			sourceTree = "<group>";
		};
		3A78B64621D5BCDD006749E7 /* Data Management */ = {
			isa = PBXGroup;
			children = (
				3A5650A321D5324900B764D3 /* ProStore.swift */,
			);
			path = "Data Management";
			sourceTree = "<group>";
		};
		3A78B64721D5BD11006749E7 /* Storyboards */ = {
			isa = PBXGroup;
			children = (
				3A56507A21D517D300B764D3 /* Main.storyboard */,
				3A56507F21D517D400B764D3 /* LaunchScreen.storyboard */,
			);
			path = Storyboards;
			sourceTree = "<group>";
		};
		3ACA674721D7BC9C00AE99E5 /* Drew_Sullivan_HA_iOS_ProjectUITests */ = {
			isa = PBXGroup;
			children = (
				3ACA674821D7BC9C00AE99E5 /* Drew_Sullivan_HA_iOS_ProjectUITests.swift */,
				3ACA674A21D7BC9C00AE99E5 /* Info.plist */,
			);
			path = Drew_Sullivan_HA_iOS_ProjectUITests;
			sourceTree = "<group>";
		};
/* End PBXGroup section */

/* Begin PBXNativeTarget section */
		3A56507221D517D300B764D3 /* Drew_Sullivan_HA_iOS_Project */ = {
			isa = PBXNativeTarget;
			buildConfigurationList = 3A56509021D517D400B764D3 /* Build configuration list for PBXNativeTarget "Drew_Sullivan_HA_iOS_Project" */;
			buildPhases = (
				3A56506F21D517D300B764D3 /* Sources */,
				3A56507021D517D300B764D3 /* Frameworks */,
				3A56507121D517D300B764D3 /* Resources */,
			);
			buildRules = (
			);
			dependencies = (
			);
			name = Drew_Sullivan_HA_iOS_Project;
			productName = Drew_Sullivan_HA_iOS_Project;
			productReference = 3A56507321D517D300B764D3 /* Drew_Sullivan_HA_iOS_Project.app */;
			productType = "com.apple.product-type.application";
		};
		3A56508621D517D400B764D3 /* Drew_Sullivan_HA_iOS_ProjectTests */ = {
			isa = PBXNativeTarget;
			buildConfigurationList = 3A56509321D517D400B764D3 /* Build configuration list for PBXNativeTarget "Drew_Sullivan_HA_iOS_ProjectTests" */;
			buildPhases = (
				3A56508321D517D400B764D3 /* Sources */,
				3A56508421D517D400B764D3 /* Frameworks */,
				3A56508521D517D400B764D3 /* Resources */,
			);
			buildRules = (
			);
			dependencies = (
				3A56508921D517D400B764D3 /* PBXTargetDependency */,
			);
			name = Drew_Sullivan_HA_iOS_ProjectTests;
			productName = Drew_Sullivan_HA_iOS_ProjectTests;
			productReference = 3A56508721D517D400B764D3 /* Drew_Sullivan_HA_iOS_ProjectTests.xctest */;
			productType = "com.apple.product-type.bundle.unit-test";
		};
		3ACA674521D7BC9B00AE99E5 /* Drew_Sullivan_HA_iOS_ProjectUITests */ = {
			isa = PBXNativeTarget;
			buildConfigurationList = 3ACA674F21D7BC9C00AE99E5 /* Build configuration list for PBXNativeTarget "Drew_Sullivan_HA_iOS_ProjectUITests" */;
			buildPhases = (
				3ACA674221D7BC9B00AE99E5 /* Sources */,
				3ACA674321D7BC9B00AE99E5 /* Frameworks */,
				3ACA674421D7BC9B00AE99E5 /* Resources */,
			);
			buildRules = (
			);
			dependencies = (
				3ACA674C21D7BC9C00AE99E5 /* PBXTargetDependency */,
			);
			name = Drew_Sullivan_HA_iOS_ProjectUITests;
			productName = Drew_Sullivan_HA_iOS_ProjectUITests;
			productReference = 3ACA674621D7BC9B00AE99E5 /* Drew_Sullivan_HA_iOS_ProjectUITests.xctest */;
			productType = "com.apple.product-type.bundle.ui-testing";
		};
/* End PBXNativeTarget section */

/* Begin PBXProject section */
		3A56506B21D517D300B764D3 /* Project object */ = {
			isa = PBXProject;
			attributes = {
				LastSwiftUpdateCheck = 1010;
				LastUpgradeCheck = 1010;
				ORGANIZATIONNAME = "Drew Sullivan";
				TargetAttributes = {
					3A56507221D517D300B764D3 = {
						CreatedOnToolsVersion = 10.1;
					};
					3A56508621D517D400B764D3 = {
						CreatedOnToolsVersion = 10.1;
						TestTargetID = 3A56507221D517D300B764D3;
					};
					3ACA674521D7BC9B00AE99E5 = {
						CreatedOnToolsVersion = 10.1;
						TestTargetID = 3A56507221D517D300B764D3;
					};
				};
			};
			buildConfigurationList = 3A56506E21D517D300B764D3 /* Build configuration list for PBXProject "Drew_Sullivan_HA_iOS_Project" */;
			compatibilityVersion = "Xcode 9.3";
			developmentRegion = en;
			hasScannedForEncodings = 0;
			knownRegions = (
				en,
				Base,
			);
			mainGroup = 3A56506A21D517D300B764D3;
			productRefGroup = 3A56507421D517D300B764D3 /* Products */;
			projectDirPath = "";
			projectRoot = "";
			targets = (
				3A56507221D517D300B764D3 /* Drew_Sullivan_HA_iOS_Project */,
				3A56508621D517D400B764D3 /* Drew_Sullivan_HA_iOS_ProjectTests */,
				3ACA674521D7BC9B00AE99E5 /* Drew_Sullivan_HA_iOS_ProjectUITests */,
			);
		};
/* End PBXProject section */

/* Begin PBXResourcesBuildPhase section */
		3A56507121D517D300B764D3 /* Resources */ = {
			isa = PBXResourcesBuildPhase;
			buildActionMask = 2147483647;
			files = (
				3A56508121D517D400B764D3 /* LaunchScreen.storyboard in Resources */,
				3A56507E21D517D400B764D3 /* Assets.xcassets in Resources */,
				3A56507C21D517D300B764D3 /* Main.storyboard in Resources */,
				3A5650A021D51DF500B764D3 /* pro_data.json in Resources */,
			);
			runOnlyForDeploymentPostprocessing = 0;
		};
		3A56508521D517D400B764D3 /* Resources */ = {
			isa = PBXResourcesBuildPhase;
			buildActionMask = 2147483647;
			files = (
			);
			runOnlyForDeploymentPostprocessing = 0;
		};
		3ACA674421D7BC9B00AE99E5 /* Resources */ = {
			isa = PBXResourcesBuildPhase;
			buildActionMask = 2147483647;
			files = (
			);
			runOnlyForDeploymentPostprocessing = 0;
		};
/* End PBXResourcesBuildPhase section */

/* Begin PBXSourcesBuildPhase section */
		3A56506F21D517D300B764D3 /* Sources */ = {
			isa = PBXSourcesBuildPhase;
			buildActionMask = 2147483647;
			files = (
				3A5650A221D51E3A00B764D3 /* Pro.swift in Sources */,
				3AF57EAC21D66E75007A0771 /* ProTableViewCell.swift in Sources */,
				3A5650A821D56C4900B764D3 /* ProDetailsViewController.swift in Sources */,
				3A29FE5621F389F60000F1FA /* SpecialtyGroup.swift in Sources */,
				3A56509E21D51D9300B764D3 /* ProsTableViewController.swift in Sources */,
				3A56507721D517D300B764D3 /* AppDelegate.swift in Sources */,
				3A5650A421D5324900B764D3 /* ProStore.swift in Sources */,
				3A29FE5B21F3E2090000F1FA /* ProCellViewModel.swift in Sources */,
			);
			runOnlyForDeploymentPostprocessing = 0;
		};
		3A56508321D517D400B764D3 /* Sources */ = {
			isa = PBXSourcesBuildPhase;
			buildActionMask = 2147483647;
			files = (
				3ACA675321D7C77400AE99E5 /* ProStoreTests.swift in Sources */,
				3A56508C21D517D400B764D3 /* ProTests.swift in Sources */,
				3A29FE5D21F3E6A30000F1FA /* ProCellViewModelTests.swift in Sources */,
				3ACA675921D80BE100AE99E5 /* ProsTableViewControllerTests.swift in Sources */,
			);
			runOnlyForDeploymentPostprocessing = 0;
		};
		3ACA674221D7BC9B00AE99E5 /* Sources */ = {
			isa = PBXSourcesBuildPhase;
			buildActionMask = 2147483647;
			files = (
				3ACA674921D7BC9C00AE99E5 /* Drew_Sullivan_HA_iOS_ProjectUITests.swift in Sources */,
			);
			runOnlyForDeploymentPostprocessing = 0;
		};
/* End PBXSourcesBuildPhase section */

/* Begin PBXTargetDependency section */
		3A56508921D517D400B764D3 /* PBXTargetDependency */ = {
			isa = PBXTargetDependency;
			target = 3A56507221D517D300B764D3 /* Drew_Sullivan_HA_iOS_Project */;
			targetProxy = 3A56508821D517D400B764D3 /* PBXContainerItemProxy */;
		};
		3ACA674C21D7BC9C00AE99E5 /* PBXTargetDependency */ = {
			isa = PBXTargetDependency;
			target = 3A56507221D517D300B764D3 /* Drew_Sullivan_HA_iOS_Project */;
			targetProxy = 3ACA674B21D7BC9C00AE99E5 /* PBXContainerItemProxy */;
		};
/* End PBXTargetDependency section */

/* Begin PBXVariantGroup section */
		3A56507A21D517D300B764D3 /* Main.storyboard */ = {
			isa = PBXVariantGroup;
			children = (
				3A56507B21D517D300B764D3 /* Base */,
			);
			name = Main.storyboard;
			sourceTree = "<group>";
		};
		3A56507F21D517D400B764D3 /* LaunchScreen.storyboard */ = {
			isa = PBXVariantGroup;
			children = (
				3A56508021D517D400B764D3 /* Base */,
			);
			name = LaunchScreen.storyboard;
			sourceTree = "<group>";
		};
/* End PBXVariantGroup section */

/* Begin XCBuildConfiguration section */
		3A56508E21D517D400B764D3 /* Debug */ = {
			isa = XCBuildConfiguration;
			buildSettings = {
				ALWAYS_SEARCH_USER_PATHS = NO;
				CLANG_ANALYZER_NONNULL = YES;
				CLANG_ANALYZER_NUMBER_OBJECT_CONVERSION = YES_AGGRESSIVE;
				CLANG_CXX_LANGUAGE_STANDARD = "gnu++14";
				CLANG_CXX_LIBRARY = "libc++";
				CLANG_ENABLE_MODULES = YES;
				CLANG_ENABLE_OBJC_ARC = YES;
				CLANG_ENABLE_OBJC_WEAK = YES;
				CLANG_WARN_BLOCK_CAPTURE_AUTORELEASING = YES;
				CLANG_WARN_BOOL_CONVERSION = YES;
				CLANG_WARN_COMMA = YES;
				CLANG_WARN_CONSTANT_CONVERSION = YES;
				CLANG_WARN_DEPRECATED_OBJC_IMPLEMENTATIONS = YES;
				CLANG_WARN_DIRECT_OBJC_ISA_USAGE = YES_ERROR;
				CLANG_WARN_DOCUMENTATION_COMMENTS = YES;
				CLANG_WARN_EMPTY_BODY = YES;
				CLANG_WARN_ENUM_CONVERSION = YES;
				CLANG_WARN_INFINITE_RECURSION = YES;
				CLANG_WARN_INT_CONVERSION = YES;
				CLANG_WARN_NON_LITERAL_NULL_CONVERSION = YES;
				CLANG_WARN_OBJC_IMPLICIT_RETAIN_SELF = YES;
				CLANG_WARN_OBJC_LITERAL_CONVERSION = YES;
				CLANG_WARN_OBJC_ROOT_CLASS = YES_ERROR;
				CLANG_WARN_RANGE_LOOP_ANALYSIS = YES;
				CLANG_WARN_STRICT_PROTOTYPES = YES;
				CLANG_WARN_SUSPICIOUS_MOVE = YES;
				CLANG_WARN_UNGUARDED_AVAILABILITY = YES_AGGRESSIVE;
				CLANG_WARN_UNREACHABLE_CODE = YES;
				CLANG_WARN__DUPLICATE_METHOD_MATCH = YES;
				CODE_SIGN_IDENTITY = "iPhone Developer";
				COPY_PHASE_STRIP = NO;
				DEBUG_INFORMATION_FORMAT = dwarf;
				ENABLE_STRICT_OBJC_MSGSEND = YES;
				ENABLE_TESTABILITY = YES;
				GCC_C_LANGUAGE_STANDARD = gnu11;
				GCC_DYNAMIC_NO_PIC = NO;
				GCC_NO_COMMON_BLOCKS = YES;
				GCC_OPTIMIZATION_LEVEL = 0;
				GCC_PREPROCESSOR_DEFINITIONS = (
					"DEBUG=1",
					"$(inherited)",
				);
				GCC_WARN_64_TO_32_BIT_CONVERSION = YES;
				GCC_WARN_ABOUT_RETURN_TYPE = YES_ERROR;
				GCC_WARN_UNDECLARED_SELECTOR = YES;
				GCC_WARN_UNINITIALIZED_AUTOS = YES_AGGRESSIVE;
				GCC_WARN_UNUSED_FUNCTION = YES;
				GCC_WARN_UNUSED_VARIABLE = YES;
				IPHONEOS_DEPLOYMENT_TARGET = 12.1;
				MTL_ENABLE_DEBUG_INFO = INCLUDE_SOURCE;
				MTL_FAST_MATH = YES;
				ONLY_ACTIVE_ARCH = YES;
				SDKROOT = iphoneos;
				SWIFT_ACTIVE_COMPILATION_CONDITIONS = DEBUG;
				SWIFT_OPTIMIZATION_LEVEL = "-Onone";
			};
			name = Debug;
		};
		3A56508F21D517D400B764D3 /* Release */ = {
			isa = XCBuildConfiguration;
			buildSettings = {
				ALWAYS_SEARCH_USER_PATHS = NO;
				CLANG_ANALYZER_NONNULL = YES;
				CLANG_ANALYZER_NUMBER_OBJECT_CONVERSION = YES_AGGRESSIVE;
				CLANG_CXX_LANGUAGE_STANDARD = "gnu++14";
				CLANG_CXX_LIBRARY = "libc++";
				CLANG_ENABLE_MODULES = YES;
				CLANG_ENABLE_OBJC_ARC = YES;
				CLANG_ENABLE_OBJC_WEAK = YES;
				CLANG_WARN_BLOCK_CAPTURE_AUTORELEASING = YES;
				CLANG_WARN_BOOL_CONVERSION = YES;
				CLANG_WARN_COMMA = YES;
				CLANG_WARN_CONSTANT_CONVERSION = YES;
				CLANG_WARN_DEPRECATED_OBJC_IMPLEMENTATIONS = YES;
				CLANG_WARN_DIRECT_OBJC_ISA_USAGE = YES_ERROR;
				CLANG_WARN_DOCUMENTATION_COMMENTS = YES;
				CLANG_WARN_EMPTY_BODY = YES;
				CLANG_WARN_ENUM_CONVERSION = YES;
				CLANG_WARN_INFINITE_RECURSION = YES;
				CLANG_WARN_INT_CONVERSION = YES;
				CLANG_WARN_NON_LITERAL_NULL_CONVERSION = YES;
				CLANG_WARN_OBJC_IMPLICIT_RETAIN_SELF = YES;
				CLANG_WARN_OBJC_LITERAL_CONVERSION = YES;
				CLANG_WARN_OBJC_ROOT_CLASS = YES_ERROR;
				CLANG_WARN_RANGE_LOOP_ANALYSIS = YES;
				CLANG_WARN_STRICT_PROTOTYPES = YES;
				CLANG_WARN_SUSPICIOUS_MOVE = YES;
				CLANG_WARN_UNGUARDED_AVAILABILITY = YES_AGGRESSIVE;
				CLANG_WARN_UNREACHABLE_CODE = YES;
				CLANG_WARN__DUPLICATE_METHOD_MATCH = YES;
				CODE_SIGN_IDENTITY = "iPhone Developer";
				COPY_PHASE_STRIP = NO;
				DEBUG_INFORMATION_FORMAT = "dwarf-with-dsym";
				ENABLE_NS_ASSERTIONS = NO;
				ENABLE_STRICT_OBJC_MSGSEND = YES;
				GCC_C_LANGUAGE_STANDARD = gnu11;
				GCC_NO_COMMON_BLOCKS = YES;
				GCC_WARN_64_TO_32_BIT_CONVERSION = YES;
				GCC_WARN_ABOUT_RETURN_TYPE = YES_ERROR;
				GCC_WARN_UNDECLARED_SELECTOR = YES;
				GCC_WARN_UNINITIALIZED_AUTOS = YES_AGGRESSIVE;
				GCC_WARN_UNUSED_FUNCTION = YES;
				GCC_WARN_UNUSED_VARIABLE = YES;
				IPHONEOS_DEPLOYMENT_TARGET = 12.1;
				MTL_ENABLE_DEBUG_INFO = NO;
				MTL_FAST_MATH = YES;
				SDKROOT = iphoneos;
				SWIFT_COMPILATION_MODE = wholemodule;
				SWIFT_OPTIMIZATION_LEVEL = "-O";
				VALIDATE_PRODUCT = YES;
			};
			name = Release;
		};
		3A56509121D517D400B764D3 /* Debug */ = {
			isa = XCBuildConfiguration;
			buildSettings = {
				ASSETCATALOG_COMPILER_APPICON_NAME = AppIcon;
				CODE_SIGN_STYLE = Automatic;
				DEVELOPMENT_TEAM = 8JKMQ4CU85;
				INFOPLIST_FILE = Drew_Sullivan_HA_iOS_Project/Info.plist;
				LD_RUNPATH_SEARCH_PATHS = (
					"$(inherited)",
					"@executable_path/Frameworks",
				);
				PRODUCT_BUNDLE_IDENTIFIER = "com.drewsullivandma.Drew-Sullivan-HA-iOS-Project";
				PRODUCT_NAME = "$(TARGET_NAME)";
				SWIFT_VERSION = 4.2;
				TARGETED_DEVICE_FAMILY = "1,2";
			};
			name = Debug;
		};
		3A56509221D517D400B764D3 /* Release */ = {
			isa = XCBuildConfiguration;
			buildSettings = {
				ASSETCATALOG_COMPILER_APPICON_NAME = AppIcon;
				CODE_SIGN_STYLE = Automatic;
				DEVELOPMENT_TEAM = 8JKMQ4CU85;
				INFOPLIST_FILE = Drew_Sullivan_HA_iOS_Project/Info.plist;
				LD_RUNPATH_SEARCH_PATHS = (
					"$(inherited)",
					"@executable_path/Frameworks",
				);
				PRODUCT_BUNDLE_IDENTIFIER = "com.drewsullivandma.Drew-Sullivan-HA-iOS-Project";
				PRODUCT_NAME = "$(TARGET_NAME)";
				SWIFT_VERSION = 4.2;
				TARGETED_DEVICE_FAMILY = "1,2";
			};
			name = Release;
		};
		3A56509421D517D400B764D3 /* Debug */ = {
			isa = XCBuildConfiguration;
			buildSettings = {
				ALWAYS_EMBED_SWIFT_STANDARD_LIBRARIES = YES;
				BUNDLE_LOADER = "$(TEST_HOST)";
				CODE_SIGN_STYLE = Automatic;
				DEVELOPMENT_TEAM = 8JKMQ4CU85;
				INFOPLIST_FILE = Drew_Sullivan_HA_iOS_ProjectTests/Info.plist;
				LD_RUNPATH_SEARCH_PATHS = (
					"$(inherited)",
					"@executable_path/Frameworks",
					"@loader_path/Frameworks",
				);
				PRODUCT_BUNDLE_IDENTIFIER = "com.drewsullivandma.Drew-Sullivan-HA-iOS-ProjectTests";
				PRODUCT_NAME = "$(TARGET_NAME)";
				SWIFT_VERSION = 4.2;
				TARGETED_DEVICE_FAMILY = "1,2";
				TEST_HOST = "$(BUILT_PRODUCTS_DIR)/Drew_Sullivan_HA_iOS_Project.app/Drew_Sullivan_HA_iOS_Project";
			};
			name = Debug;
		};
		3A56509521D517D400B764D3 /* Release */ = {
			isa = XCBuildConfiguration;
			buildSettings = {
				ALWAYS_EMBED_SWIFT_STANDARD_LIBRARIES = YES;
				BUNDLE_LOADER = "$(TEST_HOST)";
				CODE_SIGN_STYLE = Automatic;
				DEVELOPMENT_TEAM = 8JKMQ4CU85;
				INFOPLIST_FILE = Drew_Sullivan_HA_iOS_ProjectTests/Info.plist;
				LD_RUNPATH_SEARCH_PATHS = (
					"$(inherited)",
					"@executable_path/Frameworks",
					"@loader_path/Frameworks",
				);
				PRODUCT_BUNDLE_IDENTIFIER = "com.drewsullivandma.Drew-Sullivan-HA-iOS-ProjectTests";
				PRODUCT_NAME = "$(TARGET_NAME)";
				SWIFT_VERSION = 4.2;
				TARGETED_DEVICE_FAMILY = "1,2";
				TEST_HOST = "$(BUILT_PRODUCTS_DIR)/Drew_Sullivan_HA_iOS_Project.app/Drew_Sullivan_HA_iOS_Project";
			};
			name = Release;
		};
		3ACA674D21D7BC9C00AE99E5 /* Debug */ = {
			isa = XCBuildConfiguration;
			buildSettings = {
				CODE_SIGN_STYLE = Automatic;
				DEVELOPMENT_TEAM = 8JKMQ4CU85;
				INFOPLIST_FILE = Drew_Sullivan_HA_iOS_ProjectUITests/Info.plist;
				LD_RUNPATH_SEARCH_PATHS = (
					"$(inherited)",
					"@executable_path/Frameworks",
					"@loader_path/Frameworks",
				);
				PRODUCT_BUNDLE_IDENTIFIER = "com.drewsullivandma.Drew-Sullivan-HA-iOS-ProjectUITests";
				PRODUCT_NAME = "$(TARGET_NAME)";
				SWIFT_VERSION = 4.2;
				TARGETED_DEVICE_FAMILY = "1,2";
				TEST_TARGET_NAME = Drew_Sullivan_HA_iOS_Project;
			};
			name = Debug;
		};
		3ACA674E21D7BC9C00AE99E5 /* Release */ = {
			isa = XCBuildConfiguration;
			buildSettings = {
				CODE_SIGN_STYLE = Automatic;
				DEVELOPMENT_TEAM = 8JKMQ4CU85;
				INFOPLIST_FILE = Drew_Sullivan_HA_iOS_ProjectUITests/Info.plist;
				LD_RUNPATH_SEARCH_PATHS = (
					"$(inherited)",
					"@executable_path/Frameworks",
					"@loader_path/Frameworks",
				);
				PRODUCT_BUNDLE_IDENTIFIER = "com.drewsullivandma.Drew-Sullivan-HA-iOS-ProjectUITests";
				PRODUCT_NAME = "$(TARGET_NAME)";
				SWIFT_VERSION = 4.2;
				TARGETED_DEVICE_FAMILY = "1,2";
				TEST_TARGET_NAME = Drew_Sullivan_HA_iOS_Project;
			};
			name = Release;
		};
/* End XCBuildConfiguration section */

/* Begin XCConfigurationList section */
		3A56506E21D517D300B764D3 /* Build configuration list for PBXProject "Drew_Sullivan_HA_iOS_Project" */ = {
			isa = XCConfigurationList;
			buildConfigurations = (
				3A56508E21D517D400B764D3 /* Debug */,
				3A56508F21D517D400B764D3 /* Release */,
			);
			defaultConfigurationIsVisible = 0;
			defaultConfigurationName = Release;
		};
		3A56509021D517D400B764D3 /* Build configuration list for PBXNativeTarget "Drew_Sullivan_HA_iOS_Project" */ = {
			isa = XCConfigurationList;
			buildConfigurations = (
				3A56509121D517D400B764D3 /* Debug */,
				3A56509221D517D400B764D3 /* Release */,
			);
			defaultConfigurationIsVisible = 0;
			defaultConfigurationName = Release;
		};
		3A56509321D517D400B764D3 /* Build configuration list for PBXNativeTarget "Drew_Sullivan_HA_iOS_ProjectTests" */ = {
			isa = XCConfigurationList;
			buildConfigurations = (
				3A56509421D517D400B764D3 /* Debug */,
				3A56509521D517D400B764D3 /* Release */,
			);
			defaultConfigurationIsVisible = 0;
			defaultConfigurationName = Release;
		};
		3ACA674F21D7BC9C00AE99E5 /* Build configuration list for PBXNativeTarget "Drew_Sullivan_HA_iOS_ProjectUITests" */ = {
			isa = XCConfigurationList;
			buildConfigurations = (
				3ACA674D21D7BC9C00AE99E5 /* Debug */,
				3ACA674E21D7BC9C00AE99E5 /* Release */,
			);
			defaultConfigurationIsVisible = 0;
			defaultConfigurationName = Release;
		};
/* End XCConfigurationList section */
	};
	rootObject = 3A56506B21D517D300B764D3 /* Project object */;
}
